{
  "lockfileVersion": 1,
  "workspaces": {
    "": {
      "name": "ts-i18n",
      "dependencies": {
        "bunfig": "^0.10.1",
        "cac": "^6.7.14",
        "tinyglobby": "^0.2.9",
        "yaml": "^2.6.0",
      },
      "devDependencies": {
        "bun-plugin-dtsx": "^0.21.12",
      },
    },
  },
  "packages": {
    "@stacksjs/dtsx": ["@stacksjs/dtsx@0.8.3", "", { "bin": { "dtsx": "dist/cli.js" } }, "sha512-+u/PEp478qHM8s7xT0AOZowd93mZ/5ptHFyiz0B/gcxmdrdNdM6bLIK5si5Uzy1cR5TOVN4oAB3+WMKDnJ3n1w=="],

    "bun-plugin-dtsx": ["bun-plugin-dtsx@0.21.12", "", { "dependencies": { "@stacksjs/dtsx": "^0.8.1" } }, "sha512-VqGDRoTKEnkD508k9jRlcwFoEEJXtjqLMGN+brRP4/3vH0wfLZkZiWG5jc490roZOmphrQlo5NgfFB/j71+Qtg=="],

    "bunfig": ["bunfig@0.10.1", "", { "bin": { "bunfig": "bin/cli.js" } }, "sha512-4IB0Te+W0Jk8LcaCK9PhZqH9KHbYBJuTr70kVPRpnCDEq2WMixRPWSzOYNOihnSJBUBse8WIi9V5Ym2cyK+MDA=="],

    "cac": ["cac@6.7.14", "", {}, "sha512-b6Ilus+c3RrdDk+JhLKUAQfzzgLEPy6wcXqS7f/xe1EETvsDP6GORG7SFuOs6cID5YkqchW/LXZbX5bc8j7ZcQ=="],

    "fdir": ["fdir@6.4.6", "", { "peerDependencies": { "picomatch": "^3 || ^4" }, "optionalPeers": ["picomatch"] }, "sha512-hiFoqpyZcfNm1yc4u8oWCf9A2c4D3QjCrks3zmoVKVxpQRzmPNar1hUJcBG2RQHvEVGDN+Jm81ZheVLAQMK6+w=="],

    "picomatch": ["picomatch@4.0.3", "", {}, "sha512-5gTmgEY/sqK6gFXLIsQNH19lWb4ebPDLA4SdLP7dsWkIXHWlG66oPuVvXSGFPppYZz8ZDZq0dYYrbHfBCVUb1Q=="],

    "tinyglobby": ["tinyglobby@0.2.14", "", { "dependencies": { "fdir": "^6.4.4", "picomatch": "^4.0.2" } }, "sha512-tX5e7OM1HnYr2+a2C/4V0htOcSQcoSTH9KgJnVvNm5zm/cyEWKJ7j7YutsH9CxMdtOkkLFy2AHrMci9IM8IPZQ=="],

    "yaml": ["yaml@2.8.1", "", { "bin": { "yaml": "bin.mjs" } }, "sha512-lcYcMxX2PO9XMGvAJkJ3OsNMw+/7FKes7/hgerGUYWIoWu5j/+YQqcZr5JnPZWzOsEBgMbSbiSTn/dv/69Mkpw=="],
  }
}
